Microsoft Visual Studio Solution File, Format Version 11.00
# Visual Studio 2008

Project("{C2341A3C-000A-5689-ADCE-0A661EC26807}") = "The Ocarina of Time", "Assembly-CSharp-firstpass.csproj", "{35801F84-FFA6-C7FB-1FA0-7358FAC90147}"
EndProject
Project("{C2341A3C-000A-5689-ADCE-0A661EC26807}") = "The Ocarina of Time", "Assembly-CSharp.csproj", "{0CEC431A-EE3F-C587-1074-BC4261C55448}"
EndProject
Project("{C2341A3C-000A-5689-ADCE-0A661EC26807}") = "The Ocarina of Time", "Assembly-CSharp-Editor.csproj", "{B7EC43CA-DCBA-7084-0726-FF58BED33CE4}"
EndProject
Global
	GlobalSection(SolutionConfigurationPlatforms) = preSolution
		Debug|Any CPU = Debug|Any CPU
		Release|Any CPU = Release|Any CPU
	EndGlobalSection
	GlobalSection(ProjectConfigurationPlatforms) = postSolution
		{35801F84-FFA6-C7FB-1FA0-7358FAC90147}.Debug|Any CPU.ActiveCfg = Debug|Any CPU
		{35801F84-FFA6-C7FB-1FA0-7358FAC90147}.Debug|Any CPU.Build.0 = Debug|Any CPU
		{35801F84-FFA6-C7FB-1FA0-7358FAC90147}.Release|Any CPU.ActiveCfg = Release|Any CPU
		{35801F84-FFA6-C7FB-1FA0-7358FAC90147}.Release|Any CPU.Build.0 = Release|Any CPU
		{0CEC431A-EE3F-C587-1074-BC4261C55448}.Debug|Any CPU.ActiveCfg = Debug|Any CPU
		{0CEC431A-EE3F-C587-1074-BC4261C55448}.Debug|Any CPU.Build.0 = Debug|Any CPU
		{0CEC431A-EE3F-C587-1074-BC4261C55448}.Release|Any CPU.ActiveCfg = Release|Any CPU
		{0CEC431A-EE3F-C587-1074-BC4261C55448}.Release|Any CPU.Build.0 = Release|Any CPU
		{B7EC43CA-DCBA-7084-0726-FF58BED33CE4}.Debug|Any CPU.ActiveCfg = Debug|Any CPU
		{B7EC43CA-DCBA-7084-0726-FF58BED33CE4}.Debug|Any CPU.Build.0 = Debug|Any CPU
		{B7EC43CA-DCBA-7084-0726-FF58BED33CE4}.Release|Any CPU.ActiveCfg = Release|Any CPU
		{B7EC43CA-DCBA-7084-0726-FF58BED33CE4}.Release|Any CPU.Build.0 = Release|Any CPU
	EndGlobalSection
	GlobalSection(SolutionProperties) = preSolution
		HideSolutionNode = FALSE
	EndGlobalSection
	GlobalSection(MonoDevelopProperties) = preSolution
		StartupItem = Assembly-CSharp.csproj
	EndGlobalSection
EndGlobal
