
Microsoft Visual Studio Solution File, Format Version 12.00
# Visual Studio 2015
Project("{FAE04EC0-301F-11D3-BF4B-00C04F79EFBC}") = "The Ocarina of Time.CSharp.Plugins", "The Ocarina of Time.CSharp.Plugins.csproj", "{6ECD16AA-F319-5C4D-DBA4-5A9F6179CDEB}"
EndProject
Project("{FAE04EC0-301F-11D3-BF4B-00C04F79EFBC}") = "The Ocarina of Time.CSharp", "The Ocarina of Time.CSharp.csproj", "{838D6CB7-21E9-AFA7-3697-1071760D5CDF}"
EndProject
Project("{FAE04EC0-301F-11D3-BF4B-00C04F79EFBC}") = "The Ocarina of Time.CSharp.Editor", "The Ocarina of Time.CSharp.Editor.csproj", "{0165D9E0-AB71-8D9B-0BE8-215BD5F9C62F}"
EndProject
Global
	GlobalSection(SolutionConfigurationPlatforms) = preSolution
		Debug|Any CPU = Debug|Any CPU
		Release|Any CPU = Release|Any CPU
	EndGlobalSection
	GlobalSection(ProjectConfigurationPlatforms) = postSolution
		{6ECD16AA-F319-5C4D-DBA4-5A9F6179CDEB}.Debug|Any CPU.ActiveCfg = Debug|Any CPU
		{6ECD16AA-F319-5C4D-DBA4-5A9F6179CDEB}.Debug|Any CPU.Build.0 = Debug|Any CPU
		{6ECD16AA-F319-5C4D-DBA4-5A9F6179CDEB}.Release|Any CPU.ActiveCfg = Release|Any CPU
		{6ECD16AA-F319-5C4D-DBA4-5A9F6179CDEB}.Release|Any CPU.Build.0 = Release|Any CPU
		{838D6CB7-21E9-AFA7-3697-1071760D5CDF}.Debug|Any CPU.ActiveCfg = Debug|Any CPU
		{838D6CB7-21E9-AFA7-3697-1071760D5CDF}.Debug|Any CPU.Build.0 = Debug|Any CPU
		{838D6CB7-21E9-AFA7-3697-1071760D5CDF}.Release|Any CPU.ActiveCfg = Release|Any CPU
		{838D6CB7-21E9-AFA7-3697-1071760D5CDF}.Release|Any CPU.Build.0 = Release|Any CPU
		{0165D9E0-AB71-8D9B-0BE8-215BD5F9C62F}.Debug|Any CPU.ActiveCfg = Debug|Any CPU
		{0165D9E0-AB71-8D9B-0BE8-215BD5F9C62F}.Debug|Any CPU.Build.0 = Debug|Any CPU
		{0165D9E0-AB71-8D9B-0BE8-215BD5F9C62F}.Release|Any CPU.ActiveCfg = Release|Any CPU
		{0165D9E0-AB71-8D9B-0BE8-215BD5F9C62F}.Release|Any CPU.Build.0 = Release|Any CPU
	EndGlobalSection
	GlobalSection(SolutionProperties) = preSolution
		HideSolutionNode = FALSE
	EndGlobalSection
EndGlobal
